// !$*UTF8*$!
{
"archiveVersion" = 1;
"classes" = {

};
"objectVersion" = 56;
"objects" = {
"47853C345D4BC7DD7D3A0651" = {
"isa" = "PBXFileReference";
"lastKnownFileType" = "sourcecode.swift";
"path" = "Sources/DepartureCore/Departure.swift";
"sourceTree" = "<group>";
};
"A45D5F21673BF678ACB364B8" = {
"isa" = "PBXBuildFile";
"fileRef" = "47853C345D4BC7DD7D3A0651";
};
"C9A0F3BB63C0D8D3CE7C1293" = {
"isa" = "PBXFileReference";
"lastKnownFileType" = "sourcecode.swift";
"path" = "Apps/Shared/DepartureView.swift";
"sourceTree" = "<group>";
};
"8C316F2DD1E296D2978B9FF9" = {
"isa" = "PBXBuildFile";
"fileRef" = "C9A0F3BB63C0D8D3CE7C1293";
};
"7EC367E360A456C6DA8F16B4" = {
"isa" = "PBXFileReference";
"lastKnownFileType" = "sourcecode.swift";
"path" = "Apps/Shared/JourneyPreview.swift";
"sourceTree" = "<group>";
};
"31D97036672B2F67F8003776" = {
"isa" = "PBXBuildFile";
"fileRef" = "7EC367E360A456C6DA8F16B4";
};
"A27D73EC4FB60615034F1ADE" = {
"isa" = "PBXFileReference";
"lastKnownFileType" = "sourcecode.swift";
"path" = "Apps/Shared/TripStore.swift";
"sourceTree" = "<group>";
};
"27A74B4BFF7C805DC2F18562" = {
"isa" = "PBXBuildFile";
"fileRef" = "A27D73EC4FB60615034F1ADE";
};
"0B669FE9BB18134536C99EB9" = {
"isa" = "PBXFileReference";
"lastKnownFileType" = "sourcecode.swift";
"path" = "Apps/iOS/JourneyScreens.swift";
"sourceTree" = "<group>";
};
"F1D9DAD5C0D27B172ED9A4B6" = {
"isa" = "PBXBuildFile";
"fileRef" = "0B669FE9BB18134536C99EB9";
};
"100B051FB748E2794D8C6795" = {
"isa" = "PBXFileReference";
"lastKnownFileType" = "sourcecode.swift";
"path" = "Apps/iOS/RutgersDepartureApp.swift";
"sourceTree" = "<group>";
};
"BABB914151D5470C7BDEFE00" = {
"isa" = "PBXBuildFile";
"fileRef" = "100B051FB748E2794D8C6795";
};
"AD9B5BCB496526B5CEC13C24" = {
"isa" = "PBXFileReference";
"explicitFileType" = "wrapper.application";
"includeInIndex" = 0;
"path" = "RutgersDeparture.app";
"sourceTree" = "BUILT_PRODUCTS_DIR";
};
"43F01ABD1CDD1E25AEFB7E85" = {
"isa" = "PBXSourcesBuildPhase";
"buildActionMask" = 2147483647;
"files" = ("A45D5F21673BF678ACB364B8", "8C316F2DD1E296D2978B9FF9", "31D97036672B2F67F8003776", "27A74B4BFF7C805DC2F18562", "F1D9DAD5C0D27B172ED9A4B6", "BABB914151D5470C7BDEFE00");
"runOnlyForDeploymentPostprocessing" = 0;
};
"5D6D77E4FBFF30832890FB3C" = {
"isa" = "PBXFrameworksBuildPhase";
"buildActionMask" = 2147483647;
"files" = ();
"runOnlyForDeploymentPostprocessing" = 0;
};
"452F5A2F7299CED80EEAB184" = {
"isa" = "XCBuildConfiguration";
"buildSettings" = {
"PRODUCT_NAME" = "$(TARGET_NAME)";
"PRODUCT_BUNDLE_IDENTIFIER" = "edu.example.RutgersDeparture";
"SDKROOT" = "iphoneos";
"SUPPORTED_PLATFORMS" = "iphoneos iphonesimulator";
"TARGETED_DEVICE_FAMILY" = "1,2";
"SWIFT_VERSION" = "5.0";
"CODE_SIGN_STYLE" = "Automatic";
"INFOPLIST_FILE" = "Apps/iOS/Info.plist";
"GENERATE_INFOPLIST_FILE" = "NO";
"MARKETING_VERSION" = "1.0";
"CURRENT_PROJECT_VERSION" = "1";
"LD_RUNPATH_SEARCH_PATHS" = "$(inherited) @executable_path/Frameworks";
"IPHONEOS_DEPLOYMENT_TARGET" = "17.0";
"SWIFT_OPTIMIZATION_LEVEL" = "-Onone";
};
"name" = "Debug";
};
"838083A71760808BBB377357" = {
"isa" = "XCBuildConfiguration";
"buildSettings" = {
"PRODUCT_NAME" = "$(TARGET_NAME)";
"PRODUCT_BUNDLE_IDENTIFIER" = "edu.example.RutgersDeparture";
"SDKROOT" = "iphoneos";
"SUPPORTED_PLATFORMS" = "iphoneos iphonesimulator";
"TARGETED_DEVICE_FAMILY" = "1,2";
"SWIFT_VERSION" = "5.0";
"CODE_SIGN_STYLE" = "Automatic";
"INFOPLIST_FILE" = "Apps/iOS/Info.plist";
"GENERATE_INFOPLIST_FILE" = "NO";
"MARKETING_VERSION" = "1.0";
"CURRENT_PROJECT_VERSION" = "1";
"LD_RUNPATH_SEARCH_PATHS" = "$(inherited) @executable_path/Frameworks";
"IPHONEOS_DEPLOYMENT_TARGET" = "17.0";
"SWIFT_OPTIMIZATION_LEVEL" = "-O";
};
"name" = "Release";
};
"30AA3B182B67D982FF52D473" = {
"isa" = "XCConfigurationList";
"buildConfigurations" = ("452F5A2F7299CED80EEAB184", "838083A71760808BBB377357");
"defaultConfigurationIsVisible" = 0;
"defaultConfigurationName" = "Release";
};
"68D5C4EBEB58DDB63CA4FD56" = {
"isa" = "PBXNativeTarget";
"buildConfigurationList" = "30AA3B182B67D982FF52D473";
"buildPhases" = ("43F01ABD1CDD1E25AEFB7E85", "5D6D77E4FBFF30832890FB3C", "F80EA4B07F3180A9884E154F");
"buildRules" = ();
"dependencies" = ("F3360BF6A36CA849755F004C");
"name" = "RutgersDeparture";
"productName" = "RutgersDeparture";
"productReference" = "AD9B5BCB496526B5CEC13C24";
"productType" = "com.apple.product-type.application";
};
"D74457CE4532201B9778F0DD" = {
"isa" = "PBXBuildFile";
"fileRef" = "47853C345D4BC7DD7D3A0651";
};
"B43E455490F00F93FD13E108" = {
"isa" = "PBXBuildFile";
"fileRef" = "C9A0F3BB63C0D8D3CE7C1293";
};
"7F4FFFC1F239C3D6F6A24280" = {
"isa" = "PBXBuildFile";
"fileRef" = "7EC367E360A456C6DA8F16B4";
};
"A0020948E41658D2BDDAB78C" = {
"isa" = "PBXBuildFile";
"fileRef" = "A27D73EC4FB60615034F1ADE";
};
"812EF726DB5F0E3E349A7EDB" = {
"isa" = "PBXFileReference";
"lastKnownFileType" = "sourcecode.swift";
"path" = "Apps/Watch/RutgersDepartureWatchApp.swift";
"sourceTree" = "<group>";
};
"418F409888CD5F3FBEA77FC0" = {
"isa" = "PBXBuildFile";
"fileRef" = "812EF726DB5F0E3E349A7EDB";
};
"F727B0AE3C6DA5C815357F5F" = {
"isa" = "PBXFileReference";
"explicitFileType" = "wrapper.application";
"includeInIndex" = 0;
"path" = "RutgersDepartureWatch.app";
"sourceTree" = "BUILT_PRODUCTS_DIR";
};
"8ADAEAE624D12604C2D969DC" = {
"isa" = "PBXSourcesBuildPhase";
"buildActionMask" = 2147483647;
"files" = ("D74457CE4532201B9778F0DD", "B43E455490F00F93FD13E108", "7F4FFFC1F239C3D6F6A24280", "A0020948E41658D2BDDAB78C", "418F409888CD5F3FBEA77FC0");
"runOnlyForDeploymentPostprocessing" = 0;
};
"1C5E2B9DC15D493EAA17CB7F" = {
"isa" = "PBXFrameworksBuildPhase";
"buildActionMask" = 2147483647;
"files" = ();
"runOnlyForDeploymentPostprocessing" = 0;
};
"AFFD0E2DADCA341F783D7467" = {
"isa" = "XCBuildConfiguration";
"buildSettings" = {
"PRODUCT_NAME" = "$(TARGET_NAME)";
"PRODUCT_BUNDLE_IDENTIFIER" = "edu.example.RutgersDeparture.watchkitapp";
"SDKROOT" = "watchos";
"SUPPORTED_PLATFORMS" = "watchos watchsimulator";
"TARGETED_DEVICE_FAMILY" = "4";
"SWIFT_VERSION" = "5.0";
"CODE_SIGN_STYLE" = "Automatic";
"INFOPLIST_FILE" = "Apps/Watch/Info.plist";
"GENERATE_INFOPLIST_FILE" = "NO";
"MARKETING_VERSION" = "1.0";
"CURRENT_PROJECT_VERSION" = "1";
"LD_RUNPATH_SEARCH_PATHS" = "$(inherited) @executable_path/Frameworks";
"WATCHOS_DEPLOYMENT_TARGET" = "10.0";
"SKIP_INSTALL" = "YES";
"SWIFT_OPTIMIZATION_LEVEL" = "-Onone";
};
"name" = "Debug";
};
"F07D4BC782C51864C3E61CF3" = {
"isa" = "XCBuildConfiguration";
"buildSettings" = {
"PRODUCT_NAME" = "$(TARGET_NAME)";
"PRODUCT_BUNDLE_IDENTIFIER" = "edu.example.RutgersDeparture.watchkitapp";
"SDKROOT" = "watchos";
"SUPPORTED_PLATFORMS" = "watchos watchsimulator";
"TARGETED_DEVICE_FAMILY" = "4";
"SWIFT_VERSION" = "5.0";
"CODE_SIGN_STYLE" = "Automatic";
"INFOPLIST_FILE" = "Apps/Watch/Info.plist";
"GENERATE_INFOPLIST_FILE" = "NO";
"MARKETING_VERSION" = "1.0";
"CURRENT_PROJECT_VERSION" = "1";
"LD_RUNPATH_SEARCH_PATHS" = "$(inherited) @executable_path/Frameworks";
"WATCHOS_DEPLOYMENT_TARGET" = "10.0";
"SKIP_INSTALL" = "YES";
"SWIFT_OPTIMIZATION_LEVEL" = "-O";
};
"name" = "Release";
};
"3FCBD81FF2FDCE794A2DC33E" = {
"isa" = "XCConfigurationList";
"buildConfigurations" = ("AFFD0E2DADCA341F783D7467", "F07D4BC782C51864C3E61CF3");
"defaultConfigurationIsVisible" = 0;
"defaultConfigurationName" = "Release";
};
"2D749AE56BB0A8C799E537F8" = {
"isa" = "PBXNativeTarget";
"buildConfigurationList" = "3FCBD81FF2FDCE794A2DC33E";
"buildPhases" = ("8ADAEAE624D12604C2D969DC", "1C5E2B9DC15D493EAA17CB7F");
"buildRules" = ();
"dependencies" = ();
"name" = "RutgersDepartureWatch";
"productName" = "RutgersDepartureWatch";
"productReference" = "F727B0AE3C6DA5C815357F5F";
"productType" = "com.apple.product-type.application";
};
"CC21908B7CFBADFEC84437FF" = {
"isa" = "PBXContainerItemProxy";
"containerPortal" = "F6F4DA8D93E88A08220E03B7";
"proxyType" = 1;
"remoteGlobalIDString" = "2D749AE56BB0A8C799E537F8";
"remoteInfo" = "RutgersDepartureWatch";
};
"F3360BF6A36CA849755F004C" = {
"isa" = "PBXTargetDependency";
"target" = "2D749AE56BB0A8C799E537F8";
"targetProxy" = "CC21908B7CFBADFEC84437FF";
};
"0405E7B2B81FF2B28C705328" = {
"isa" = "PBXBuildFile";
"fileRef" = "F727B0AE3C6DA5C815357F5F";
"settings" = {
"ATTRIBUTES" = ("RemoveHeadersOnCopy");
};
};
"F80EA4B07F3180A9884E154F" = {
"isa" = "PBXCopyFilesBuildPhase";
"buildActionMask" = 2147483647;
"dstPath" = "$(CONTENTS_FOLDER_PATH)/Watch";
"dstSubfolderSpec" = 16;
"files" = ("0405E7B2B81FF2B28C705328");
"name" = "Embed Watch Content";
"runOnlyForDeploymentPostprocessing" = 0;
};
"FE0A091FDBFB3E9C31B7A1BD" = {
"isa" = "PBXGroup";
"children" = ("AD9B5BCB496526B5CEC13C24", "F727B0AE3C6DA5C815357F5F");
"name" = "Products";
"sourceTree" = "<group>";
};
"62BCE9422FF2D14F69AB80A1" = {
"isa" = "PBXGroup";
"children" = ("47853C345D4BC7DD7D3A0651", "C9A0F3BB63C0D8D3CE7C1293", "7EC367E360A456C6DA8F16B4", "A27D73EC4FB60615034F1ADE", "0B669FE9BB18134536C99EB9", "100B051FB748E2794D8C6795", "812EF726DB5F0E3E349A7EDB", "FE0A091FDBFB3E9C31B7A1BD");
"sourceTree" = "<group>";
};
"BFD315016DE16320F7E2120C" = {
"isa" = "XCBuildConfiguration";
"buildSettings" = {
"CLANG_ENABLE_MODULES" = "YES";
"SWIFT_VERSION" = "5.0";
"SWIFT_OPTIMIZATION_LEVEL" = "-Onone";
};
"name" = "Debug";
};
"1D8C0C6B1D22EA8C7669B263" = {
"isa" = "XCBuildConfiguration";
"buildSettings" = {
"CLANG_ENABLE_MODULES" = "YES";
"SWIFT_VERSION" = "5.0";
"SWIFT_OPTIMIZATION_LEVEL" = "-O";
};
"name" = "Release";
};
"5D7731714D3E69D68AA8D7ED" = {
"isa" = "XCConfigurationList";
"buildConfigurations" = ("BFD315016DE16320F7E2120C", "1D8C0C6B1D22EA8C7669B263");
"defaultConfigurationIsVisible" = 0;
"defaultConfigurationName" = "Release";
};
"F6F4DA8D93E88A08220E03B7" = {
"isa" = "PBXProject";
"attributes" = {
"LastUpgradeCheck" = "1600";
"BuildIndependentTargetsInParallel" = "YES";
};
"buildConfigurationList" = "5D7731714D3E69D68AA8D7ED";
"compatibilityVersion" = "Xcode 14.0";
"developmentRegion" = "en";
"hasScannedForEncodings" = 0;
"knownRegions" = ("en", "Base");
"mainGroup" = "62BCE9422FF2D14F69AB80A1";
"productRefGroup" = "FE0A091FDBFB3E9C31B7A1BD";
"projectDirPath" = "";
"projectRoot" = "";
"targets" = ("68D5C4EBEB58DDB63CA4FD56", "2D749AE56BB0A8C799E537F8");
};
};
"rootObject" = "F6F4DA8D93E88A08220E03B7";
}